{
	"name": "@remato/submodule-status-commenter",
	"version": "3.0.0",
	"lockfileVersion": 3,
	"requires": true,
	"packages": {
		"": {
			"name": "@remato/submodule-status-commenter",
			"version": "3.0.0",
			"license": "MIT",
			"dependencies": {
				"@actions/core": "^3.0.0",
				"@actions/exec": "^3.0.0",
				"@actions/github": "^9.1.1",
				"@octokit/rest": "^22.0.1",
				"axios": "^1.15.0",
				"moment": "^2.30.1"
			},
			"devDependencies": {
				"@remato/prettier-config": "^1.1.0",
				"esbuild": "^0.28.0",
				"oxlint": "^1.60.0",
				"prettier": "^3.8.3",
				"typescript": "^6.0.3"
			},
			"engines": {
				"node": ">=24.0.0"
			}
		},
		"node_modules/@actions/core": {
			"version": "3.0.0",
			"resolved": "https://registry.npmjs.org/@actions/core/-/core-3.0.0.tgz",
			"integrity": "sha512-zYt6cz+ivnTmiT/ksRVriMBOiuoUpDCJJlZ5KPl2/FRdvwU3f7MPh9qftvbkXJThragzUZieit2nyHUyw53Seg==",
			"license": "MIT",
			"dependencies": {
				"@actions/exec": "^3.0.0",
				"@actions/http-client": "^4.0.0"
			}
		},
		"node_modules/@actions/exec": {
			"version": "3.0.0",
			"resolved": "https://registry.npmjs.org/@actions/exec/-/exec-3.0.0.tgz",
			"integrity": "sha512-6xH/puSoNBXb72VPlZVm7vQ+svQpFyA96qdDBvhB8eNZOE8LtPf9L4oAsfzK/crCL8YZ+19fKYVnM63Sl+Xzlw==",
			"license": "MIT",
			"dependencies": {
				"@actions/io": "^3.0.2"
			}
		},
		"node_modules/@actions/github": {
			"version": "9.1.1",
			"resolved": "https://registry.npmjs.org/@actions/github/-/github-9.1.1.tgz",
			"integrity": "sha512-tL5JbYOBZHc0ngEnCsaDcryUizIUIlQyIMwy1Wkx93H5HzbBJ7TbiPx2PnFjBwZW0Vh05JmfFZhecE6gglYegA==",
			"license": "MIT",
			"dependencies": {
				"@actions/http-client": "^3.0.2",
				"@octokit/core": "^7.0.6",
				"@octokit/plugin-paginate-rest": "^14.0.0",
				"@octokit/plugin-rest-endpoint-methods": "^17.0.0",
				"@octokit/request": "^10.0.7",
				"@octokit/request-error": "^7.1.0",
				"undici": "^6.23.0"
			}
		},
		"node_modules/@actions/github/node_modules/@actions/http-client": {
			"version": "3.0.2",
			"resolved": "https://registry.npmjs.org/@actions/http-client/-/http-client-3.0.2.tgz",
			"integrity": "sha512-JP38FYYpyqvUsz+Igqlc/JG6YO9PaKuvqjM3iGvaLqFnJ7TFmcLyy2IDrY0bI0qCQug8E9K+elv5ZNfw62ZJzA==",
			"license": "MIT",
			"dependencies": {
				"tunnel": "^0.0.6",
				"undici": "^6.23.0"
			}
		},
		"node_modules/@actions/http-client": {
			"version": "4.0.0",
			"resolved": "https://registry.npmjs.org/@actions/http-client/-/http-client-4.0.0.tgz",
			"integrity": "sha512-QuwPsgVMsD6qaPD57GLZi9sqzAZCtiJT8kVBCDpLtxhL5MydQ4gS+DrejtZZPdIYyB1e95uCK9Luyds7ybHI3g==",
			"license": "MIT",
			"dependencies": {
				"tunnel": "^0.0.6",
				"undici": "^6.23.0"
			}
		},
		"node_modules/@actions/io": {
			"version": "3.0.2",
			"resolved": "https://registry.npmjs.org/@actions/io/-/io-3.0.2.tgz",
			"integrity": "sha512-nRBchcMM+QK1pdjO7/idu86rbJI5YHUKCvKs0KxnSYbVe3F51UfGxuZX4Qy/fWlp6l7gWFwIkrOzN+oUK03kfw==",
			"license": "MIT"
		},
		"node_modules/@esbuild/aix-ppc64": {
			"version": "0.28.0",
			"resolved": "https://registry.npmjs.org/@esbuild/aix-ppc64/-/aix-ppc64-0.28.0.tgz",
			"integrity": "sha512-lhRUCeuOyJQURhTxl4WkpFTjIsbDayJHih5kZC1giwE+MhIzAb7mEsQMqMf18rHLsrb5qI1tafG20mLxEWcWlA==",
			"cpu": [
				"ppc64"
			],
			"dev": true,
			"license": "MIT",
			"optional": true,
			"os": [
				"aix"
			],
			"engines": {
				"node": ">=18"
			}
		},
		"node_modules/@esbuild/android-arm": {
			"version": "0.28.0",
			"resolved": "https://registry.npmjs.org/@esbuild/android-arm/-/android-arm-0.28.0.tgz",
			"integrity": "sha512-wqh0ByljabXLKHeWXYLqoJ5jKC4XBaw6Hk08OfMrCRd2nP2ZQ5eleDZC41XHyCNgktBGYMbqnrJKq/K/lzPMSQ==",
			"cpu": [
				"arm"
			],
			"dev": true,
			"license": "MIT",
			"optional": true,
			"os": [
				"android"
			],
			"engines": {
				"node": ">=18"
			}
		},
		"node_modules/@esbuild/android-arm64": {
			"version": "0.28.0",
			"resolved": "https://registry.npmjs.org/@esbuild/android-arm64/-/android-arm64-0.28.0.tgz",
			"integrity": "sha512-+WzIXQOSaGs33tLEgYPYe/yQHf0WTU0X42Jca3y8NWMbUVhp7rUnw+vAsRC/QiDrdD31IszMrZy+qwPOPjd+rw==",
			"cpu": [
				"arm64"
			],
			"dev": true,
			"license": "MIT",
			"optional": true,
			"os": [
				"android"
			],
			"engines": {
				"node": ">=18"
			}
		},
		"node_modules/@esbuild/android-x64": {
			"version": "0.28.0",
			"resolved": "https://registry.npmjs.org/@esbuild/android-x64/-/android-x64-0.28.0.tgz",
			"integrity": "sha512-+VJggoaKhk2VNNqVL7f6S189UzShHC/mR9EE8rDdSkdpN0KflSwWY/gWjDrNxxisg8Fp1ZCD9jLMo4m0OUfeUA==",
			"cpu": [
				"x64"
			],
			"dev": true,
			"license": "MIT",
			"optional": true,
			"os": [
				"android"
			],
			"engines": {
				"node": ">=18"
			}
		},
		"node_modules/@esbuild/darwin-arm64": {
			"version": "0.28.0",
			"resolved": "https://registry.npmjs.org/@esbuild/darwin-arm64/-/darwin-arm64-0.28.0.tgz",
			"integrity": "sha512-0T+A9WZm+bZ84nZBtk1ckYsOvyA3x7e2Acj1KdVfV4/2tdG4fzUp91YHx+GArWLtwqp77pBXVCPn2We7Letr0Q==",
			"cpu": [
				"arm64"
			],
			"dev": true,
			"license": "MIT",
			"optional": true,
			"os": [
				"darwin"
			],
			"engines": {
				"node": ">=18"
			}
		},
		"node_modules/@esbuild/darwin-x64": {
			"version": "0.28.0",
			"resolved": "https://registry.npmjs.org/@esbuild/darwin-x64/-/darwin-x64-0.28.0.tgz",
			"integrity": "sha512-fyzLm/DLDl/84OCfp2f/XQ4flmORsjU7VKt8HLjvIXChJoFFOIL6pLJPH4Yhd1n1gGFF9mPwtlN5Wf82DZs+LQ==",
			"cpu": [
				"x64"
			],
			"dev": true,
			"license": "MIT",
			"optional": true,
			"os": [
				"darwin"
			],
			"engines": {
				"node": ">=18"
			}
		},
		"node_modules/@esbuild/freebsd-arm64": {
			"version": "0.28.0",
			"resolved": "https://registry.npmjs.org/@esbuild/freebsd-arm64/-/freebsd-arm64-0.28.0.tgz",
			"integrity": "sha512-l9GeW5UZBT9k9brBYI+0WDffcRxgHQD8ShN2Ur4xWq/NFzUKm3k5lsH4PdaRgb2w7mI9u61nr2gI2mLI27Nh3Q==",
			"cpu": [
				"arm64"
			],
			"dev": true,
			"license": "MIT",
			"optional": true,
			"os": [
				"freebsd"
			],
			"engines": {
				"node": ">=18"
			}
		},
		"node_modules/@esbuild/freebsd-x64": {
			"version": "0.28.0",
			"resolved": "https://registry.npmjs.org/@esbuild/freebsd-x64/-/freebsd-x64-0.28.0.tgz",
			"integrity": "sha512-BXoQai/A0wPO6Es3yFJ7APCiKGc1tdAEOgeTNy3SsB491S3aHn4S4r3e976eUnPdU+NbdtmBuLncYir2tMU9Nw==",
			"cpu": [
				"x64"
			],
			"dev": true,
			"license": "MIT",
			"optional": true,
			"os": [
				"freebsd"
			],
			"engines": {
				"node": ">=18"
			}
		},
		"node_modules/@esbuild/linux-arm": {
			"version": "0.28.0",
			"resolved": "https://registry.npmjs.org/@esbuild/linux-arm/-/linux-arm-0.28.0.tgz",
			"integrity": "sha512-CjaaREJagqJp7iTaNQjjidaNbCKYcd4IDkzbwwxtSvjI7NZm79qiHc8HqciMddQ6CKvJT6aBd8lO9kN/ZudLlw==",
			"cpu": [
				"arm"
			],
			"dev": true,
			"license": "MIT",
			"optional": true,
			"os": [
				"linux"
			],
			"engines": {
				"node": ">=18"
			}
		},
		"node_modules/@esbuild/linux-arm64": {
			"version": "0.28.0",
			"resolved": "https://registry.npmjs.org/@esbuild/linux-arm64/-/linux-arm64-0.28.0.tgz",
			"integrity": "sha512-RVyzfb3FWsGA55n6WY0MEIEPURL1FcbhFE6BffZEMEekfCzCIMtB5yyDcFnVbTnwk+CLAgTujmV/Lgvih56W+A==",
			"cpu": [
				"arm64"
			],
			"dev": true,
			"license": "MIT",
			"optional": true,
			"os": [
				"linux"
			],
			"engines": {
				"node": ">=18"
			}
		},
		"node_modules/@esbuild/linux-ia32": {
			"version": "0.28.0",
			"resolved": "https://registry.npmjs.org/@esbuild/linux-ia32/-/linux-ia32-0.28.0.tgz",
			"integrity": "sha512-KBnSTt1kxl9x70q+ydterVdl+Cn0H18ngRMRCEQfrbqdUuntQQ0LoMZv47uB97NljZFzY6HcfqEZ2SAyIUTQBQ==",
			"cpu": [
				"ia32"
			],
			"dev": true,
			"license": "MIT",
			"optional": true,
			"os": [
				"linux"
			],
			"engines": {
				"node": ">=18"
			}
		},
		"node_modules/@esbuild/linux-loong64": {
			"version": "0.28.0",
			"resolved": "https://registry.npmjs.org/@esbuild/linux-loong64/-/linux-loong64-0.28.0.tgz",
			"integrity": "sha512-zpSlUce1mnxzgBADvxKXX5sl8aYQHo2ezvMNI8I0lbblJtp8V4odlm3Yzlj7gPyt3T8ReksE6bK+pT3WD+aJRg==",
			"cpu": [
				"loong64"
			],
			"dev": true,
			"license": "MIT",
			"optional": true,
			"os": [
				"linux"
			],
			"engines": {
				"node": ">=18"
			}
		},
		"node_modules/@esbuild/linux-mips64el": {
			"version": "0.28.0",
			"resolved": "https://registry.npmjs.org/@esbuild/linux-mips64el/-/linux-mips64el-0.28.0.tgz",
			"integrity": "sha512-2jIfP6mmjkdmeTlsX/9vmdmhBmKADrWqN7zcdtHIeNSCH1SqIoNI63cYsjQR8J+wGa4Y5izRcSHSm8K3QWmk3w==",
			"cpu": [
				"mips64el"
			],
			"dev": true,
			"license": "MIT",
			"optional": true,
			"os": [
				"linux"
			],
			"engines": {
				"node": ">=18"
			}
		},
		"node_modules/@esbuild/linux-ppc64": {
			"version": "0.28.0",
			"resolved": "https://registry.npmjs.org/@esbuild/linux-ppc64/-/linux-ppc64-0.28.0.tgz",
			"integrity": "sha512-bc0FE9wWeC0WBm49IQMPSPILRocGTQt3j5KPCA8os6VprfuJ7KD+5PzESSrJ6GmPIPJK965ZJHTUlSA6GNYEhg==",
			"cpu": [
				"ppc64"
			],
			"dev": true,
			"license": "MIT",
			"optional": true,
			"os": [
				"linux"
			],
			"engines": {
				"node": ">=18"
			}
		},
		"node_modules/@esbuild/linux-riscv64": {
			"version": "0.28.0",
			"resolved": "https://registry.npmjs.org/@esbuild/linux-riscv64/-/linux-riscv64-0.28.0.tgz",
			"integrity": "sha512-SQPZOwoTTT/HXFXQJG/vBX8sOFagGqvZyXcgLA3NhIqcBv1BJU1d46c0rGcrij2B56Z2rNiSLaZOYW5cUk7yLQ==",
			"cpu": [
				"riscv64"
			],
			"dev": true,
			"license": "MIT",
			"optional": true,
			"os": [
				"linux"
			],
			"engines": {
				"node": ">=18"
			}
		},
		"node_modules/@esbuild/linux-s390x": {
			"version": "0.28.0",
			"resolved": "https://registry.npmjs.org/@esbuild/linux-s390x/-/linux-s390x-0.28.0.tgz",
			"integrity": "sha512-SCfR0HN8CEEjnYnySJTd2cw0k9OHB/YFzt5zgJEwa+wL/T/raGWYMBqwDNAC6dqFKmJYZoQBRfHjgwLHGSrn3Q==",
			"cpu": [
				"s390x"
			],
			"dev": true,
			"license": "MIT",
			"optional": true,
			"os": [
				"linux"
			],
			"engines": {
				"node": ">=18"
			}
		},
		"node_modules/@esbuild/linux-x64": {
			"version": "0.28.0",
			"resolved": "https://registry.npmjs.org/@esbuild/linux-x64/-/linux-x64-0.28.0.tgz",
			"integrity": "sha512-us0dSb9iFxIi8srnpl931Nvs65it/Jd2a2K3qs7fz2WfGPHqzfzZTfec7oxZJRNPXPnNYZtanmRc4AL/JwVzHQ==",
			"cpu": [
				"x64"
			],
			"dev": true,
			"license": "MIT",
			"optional": true,
			"os": [
				"linux"
			],
			"engines": {
				"node": ">=18"
			}
		},
		"node_modules/@esbuild/netbsd-arm64": {
			"version": "0.28.0",
			"resolved": "https://registry.npmjs.org/@esbuild/netbsd-arm64/-/netbsd-arm64-0.28.0.tgz",
			"integrity": "sha512-CR/RYotgtCKwtftMwJlUU7xCVNg3lMYZ0RzTmAHSfLCXw3NtZtNpswLEj/Kkf6kEL3Gw+BpOekRX0BYCtklhUw==",
			"cpu": [
				"arm64"
			],
			"dev": true,
			"license": "MIT",
			"optional": true,
			"os": [
				"netbsd"
			],
			"engines": {
				"node": ">=18"
			}
		},
		"node_modules/@esbuild/netbsd-x64": {
			"version": "0.28.0",
			"resolved": "https://registry.npmjs.org/@esbuild/netbsd-x64/-/netbsd-x64-0.28.0.tgz",
			"integrity": "sha512-nU1yhmYutL+fQ71Kxnhg8uEOdC0pwEW9entHykTgEbna2pw2dkbFSMeqjjyHZoCmt8SBkOSvV+yNmm94aUrrqw==",
			"cpu": [
				"x64"
			],
			"dev": true,
			"license": "MIT",
			"optional": true,
			"os": [
				"netbsd"
			],
			"engines": {
				"node": ">=18"
			}
		},
		"node_modules/@esbuild/openbsd-arm64": {
			"version": "0.28.0",
			"resolved": "https://registry.npmjs.org/@esbuild/openbsd-arm64/-/openbsd-arm64-0.28.0.tgz",
			"integrity": "sha512-cXb5vApOsRsxsEl4mcZ1XY3D4DzcoMxR/nnc4IyqYs0rTI8ZKmW6kyyg+11Z8yvgMfAEldKzP7AdP64HnSC/6g==",
			"cpu": [
				"arm64"
			],
			"dev": true,
			"license": "MIT",
			"optional": true,
			"os": [
				"openbsd"
			],
			"engines": {
				"node": ">=18"
			}
		},
		"node_modules/@esbuild/openbsd-x64": {
			"version": "0.28.0",
			"resolved": "https://registry.npmjs.org/@esbuild/openbsd-x64/-/openbsd-x64-0.28.0.tgz",
			"integrity": "sha512-8wZM2qqtv9UP3mzy7HiGYNH/zjTA355mpeuA+859TyR+e+Tc08IHYpLJuMsfpDJwoLo1ikIJI8jC3GFjnRClzA==",
			"cpu": [
				"x64"
			],
			"dev": true,
			"license": "MIT",
			"optional": true,
			"os": [
				"openbsd"
			],
			"engines": {
				"node": ">=18"
			}
		},
		"node_modules/@esbuild/openharmony-arm64": {
			"version": "0.28.0",
			"resolved": "https://registry.npmjs.org/@esbuild/openharmony-arm64/-/openharmony-arm64-0.28.0.tgz",
			"integrity": "sha512-FLGfyizszcef5C3YtoyQDACyg95+dndv79i2EekILBofh5wpCa1KuBqOWKrEHZg3zrL3t5ouE5jgr94vA+Wb2w==",
			"cpu": [
				"arm64"
			],
			"dev": true,
			"license": "MIT",
			"optional": true,
			"os": [
				"openharmony"
			],
			"engines": {
				"node": ">=18"
			}
		},
		"node_modules/@esbuild/sunos-x64": {
			"version": "0.28.0",
			"resolved": "https://registry.npmjs.org/@esbuild/sunos-x64/-/sunos-x64-0.28.0.tgz",
			"integrity": "sha512-1ZgjUoEdHZZl/YlV76TSCz9Hqj9h9YmMGAgAPYd+q4SicWNX3G5GCyx9uhQWSLcbvPW8Ni7lj4gDa1T40akdlw==",
			"cpu": [
				"x64"
			],
			"dev": true,
			"license": "MIT",
			"optional": true,
			"os": [
				"sunos"
			],
			"engines": {
				"node": ">=18"
			}
		},
		"node_modules/@esbuild/win32-arm64": {
			"version": "0.28.0",
			"resolved": "https://registry.npmjs.org/@esbuild/win32-arm64/-/win32-arm64-0.28.0.tgz",
			"integrity": "sha512-Q9StnDmQ/enxnpxCCLSg0oo4+34B9TdXpuyPeTedN/6+iXBJ4J+zwfQI28u/Jl40nOYAxGoNi7mFP40RUtkmUA==",
			"cpu": [
				"arm64"
			],
			"dev": true,
			"license": "MIT",
			"optional": true,
			"os": [
				"win32"
			],
			"engines": {
				"node": ">=18"
			}
		},
		"node_modules/@esbuild/win32-ia32": {
			"version": "0.28.0",
			"resolved": "https://registry.npmjs.org/@esbuild/win32-ia32/-/win32-ia32-0.28.0.tgz",
			"integrity": "sha512-zF3ag/gfiCe6U2iczcRzSYJKH1DCI+ByzSENHlM2FcDbEeo5Zd2C86Aq0tKUYAJJ1obRP84ymxIAksZUcdztHA==",
			"cpu": [
				"ia32"
			],
			"dev": true,
			"license": "MIT",
			"optional": true,
			"os": [
				"win32"
			],
			"engines": {
				"node": ">=18"
			}
		},
		"node_modules/@esbuild/win32-x64": {
			"version": "0.28.0",
			"resolved": "https://registry.npmjs.org/@esbuild/win32-x64/-/win32-x64-0.28.0.tgz",
			"integrity": "sha512-pEl1bO9mfAmIC+tW5btTmrKaujg3zGtUmWNdCw/xs70FBjwAL3o9OEKNHvNmnyylD6ubxUERiEhdsL0xBQ9efw==",
			"cpu": [
				"x64"
			],
			"dev": true,
			"license": "MIT",
			"optional": true,
			"os": [
				"win32"
			],
			"engines": {
				"node": ">=18"
			}
		},
		"node_modules/@octokit/auth-token": {
			"version": "6.0.0",
			"resolved": "https://registry.npmjs.org/@octokit/auth-token/-/auth-token-6.0.0.tgz",
			"integrity": "sha512-P4YJBPdPSpWTQ1NU4XYdvHvXJJDxM6YwpS0FZHRgP7YFkdVxsWcpWGy/NVqlAA7PcPCnMacXlRm1y2PFZRWL/w==",
			"license": "MIT",
			"engines": {
				"node": ">= 20"
			}
		},
		"node_modules/@octokit/core": {
			"version": "7.0.6",
			"resolved": "https://registry.npmjs.org/@octokit/core/-/core-7.0.6.tgz",
			"integrity": "sha512-DhGl4xMVFGVIyMwswXeyzdL4uXD5OGILGX5N8Y+f6W7LhC1Ze2poSNrkF/fedpVDHEEZ+PHFW0vL14I+mm8K3Q==",
			"license": "MIT",
			"dependencies": {
				"@octokit/auth-token": "^6.0.0",
				"@octokit/graphql": "^9.0.3",
				"@octokit/request": "^10.0.6",
				"@octokit/request-error": "^7.0.2",
				"@octokit/types": "^16.0.0",
				"before-after-hook": "^4.0.0",
				"universal-user-agent": "^7.0.0"
			},
			"engines": {
				"node": ">= 20"
			}
		},
		"node_modules/@octokit/endpoint": {
			"version": "11.0.3",
			"resolved": "https://registry.npmjs.org/@octokit/endpoint/-/endpoint-11.0.3.tgz",
			"integrity": "sha512-FWFlNxghg4HrXkD3ifYbS/IdL/mDHjh9QcsNyhQjN8dplUoZbejsdpmuqdA76nxj2xoWPs7p8uX2SNr9rYu0Ag==",
			"license": "MIT",
			"dependencies": {
				"@octokit/types": "^16.0.0",
				"universal-user-agent": "^7.0.2"
			},
			"engines": {
				"node": ">= 20"
			}
		},
		"node_modules/@octokit/graphql": {
			"version": "9.0.3",
			"resolved": "https://registry.npmjs.org/@octokit/graphql/-/graphql-9.0.3.tgz",
			"integrity": "sha512-grAEuupr/C1rALFnXTv6ZQhFuL1D8G5y8CN04RgrO4FIPMrtm+mcZzFG7dcBm+nq+1ppNixu+Jd78aeJOYxlGA==",
			"license": "MIT",
			"dependencies": {
				"@octokit/request": "^10.0.6",
				"@octokit/types": "^16.0.0",
				"universal-user-agent": "^7.0.0"
			},
			"engines": {
				"node": ">= 20"
			}
		},
		"node_modules/@octokit/openapi-types": {
			"version": "27.0.0",
			"resolved": "https://registry.npmjs.org/@octokit/openapi-types/-/openapi-types-27.0.0.tgz",
			"integrity": "sha512-whrdktVs1h6gtR+09+QsNk2+FO+49j6ga1c55YZudfEG+oKJVvJLQi3zkOm5JjiUXAagWK2tI2kTGKJ2Ys7MGA==",
			"license": "MIT"
		},
		"node_modules/@octokit/plugin-paginate-rest": {
			"version": "14.0.0",
			"resolved": "https://registry.npmjs.org/@octokit/plugin-paginate-rest/-/plugin-paginate-rest-14.0.0.tgz",
			"integrity": "sha512-fNVRE7ufJiAA3XUrha2omTA39M6IXIc6GIZLvlbsm8QOQCYvpq/LkMNGyFlB1d8hTDzsAXa3OKtybdMAYsV/fw==",
			"license": "MIT",
			"dependencies": {
				"@octokit/types": "^16.0.0"
			},
			"engines": {
				"node": ">= 20"
			},
			"peerDependencies": {
				"@octokit/core": ">=6"
			}
		},
		"node_modules/@octokit/plugin-rest-endpoint-methods": {
			"version": "17.0.0",
			"resolved": "https://registry.npmjs.org/@octokit/plugin-rest-endpoint-methods/-/plugin-rest-endpoint-methods-17.0.0.tgz",
			"integrity": "sha512-B5yCyIlOJFPqUUeiD0cnBJwWJO8lkJs5d8+ze9QDP6SvfiXSz1BF+91+0MeI1d2yxgOhU/O+CvtiZ9jSkHhFAw==",
			"license": "MIT",
			"dependencies": {
				"@octokit/types": "^16.0.0"
			},
			"engines": {
				"node": ">= 20"
			},
			"peerDependencies": {
				"@octokit/core": ">=6"
			}
		},
		"node_modules/@octokit/request": {
			"version": "10.0.8",
			"resolved": "https://registry.npmjs.org/@octokit/request/-/request-10.0.8.tgz",
			"integrity": "sha512-SJZNwY9pur9Agf7l87ywFi14W+Hd9Jg6Ifivsd33+/bGUQIjNujdFiXII2/qSlN2ybqUHfp5xpekMEjIBTjlSw==",
			"license": "MIT",
			"dependencies": {
				"@octokit/endpoint": "^11.0.3",
				"@octokit/request-error": "^7.0.2",
				"@octokit/types": "^16.0.0",
				"fast-content-type-parse": "^3.0.0",
				"json-with-bigint": "^3.5.3",
				"universal-user-agent": "^7.0.2"
			},
			"engines": {
				"node": ">= 20"
			}
		},
		"node_modules/@octokit/request-error": {
			"version": "7.1.0",
			"resolved": "https://registry.npmjs.org/@octokit/request-error/-/request-error-7.1.0.tgz",
			"integrity": "sha512-KMQIfq5sOPpkQYajXHwnhjCC0slzCNScLHs9JafXc4RAJI+9f+jNDlBNaIMTvazOPLgb4BnlhGJOTbnN0wIjPw==",
			"license": "MIT",
			"dependencies": {
				"@octokit/types": "^16.0.0"
			},
			"engines": {
				"node": ">= 20"
			}
		},
		"node_modules/@octokit/rest": {
			"version": "22.0.1",
			"resolved": "https://registry.npmjs.org/@octokit/rest/-/rest-22.0.1.tgz",
			"integrity": "sha512-Jzbhzl3CEexhnivb1iQ0KJ7s5vvjMWcmRtq5aUsKmKDrRW6z3r84ngmiFKFvpZjpiU/9/S6ITPFRpn5s/3uQJw==",
			"license": "MIT",
			"dependencies": {
				"@octokit/core": "^7.0.6",
				"@octokit/plugin-paginate-rest": "^14.0.0",
				"@octokit/plugin-request-log": "^6.0.0",
				"@octokit/plugin-rest-endpoint-methods": "^17.0.0"
			},
			"engines": {
				"node": ">= 20"
			}
		},
		"node_modules/@octokit/rest/node_modules/@octokit/plugin-request-log": {
			"version": "6.0.0",
			"resolved": "https://registry.npmjs.org/@octokit/plugin-request-log/-/plugin-request-log-6.0.0.tgz",
			"integrity": "sha512-UkOzeEN3W91/eBq9sPZNQ7sUBvYCqYbrrD8gTbBuGtHEuycE4/awMXcYvx6sVYo7LypPhmQwwpUe4Yyu4QZN5Q==",
			"license": "MIT",
			"engines": {
				"node": ">= 20"
			},
			"peerDependencies": {
				"@octokit/core": ">=6"
			}
		},
		"node_modules/@octokit/types": {
			"version": "16.0.0",
			"resolved": "https://registry.npmjs.org/@octokit/types/-/types-16.0.0.tgz",
			"integrity": "sha512-sKq+9r1Mm4efXW1FCk7hFSeJo4QKreL/tTbR0rz/qx/r1Oa2VV83LTA/H/MuCOX7uCIJmQVRKBcbmWoySjAnSg==",
			"license": "MIT",
			"dependencies": {
				"@octokit/openapi-types": "^27.0.0"
			}
		},
		"node_modules/@oxlint/binding-android-arm-eabi": {
			"version": "1.60.0",
			"resolved": "https://registry.npmjs.org/@oxlint/binding-android-arm-eabi/-/binding-android-arm-eabi-1.60.0.tgz",
			"integrity": "sha512-YdeJKaZckDQL1qa62a1aKq/goyq48aX3yOxaaWqWb4sau4Ee4IiLbamftNLU3zbePky6QsDj6thnSSzHRBjDfA==",
			"cpu": [
				"arm"
			],
			"dev": true,
			"license": "MIT",
			"optional": true,
			"os": [
				"android"
			],
			"engines": {
				"node": "^20.19.0 || >=22.12.0"
			}
		},
		"node_modules/@oxlint/binding-android-arm64": {
			"version": "1.60.0",
			"resolved": "https://registry.npmjs.org/@oxlint/binding-android-arm64/-/binding-android-arm64-1.60.0.tgz",
			"integrity": "sha512-7ANS7PpXCfq84xZQ8E5WPs14gwcuPcl+/8TFNXfpSu0CQBXz3cUo2fDpHT8v8HJN+Ut02eacvMAzTnc9s6X4tw==",
			"cpu": [
				"arm64"
			],
			"dev": true,
			"license": "MIT",
			"optional": true,
			"os": [
				"android"
			],
			"engines": {
				"node": "^20.19.0 || >=22.12.0"
			}
		},
		"node_modules/@oxlint/binding-darwin-arm64": {
			"version": "1.60.0",
			"resolved": "https://registry.npmjs.org/@oxlint/binding-darwin-arm64/-/binding-darwin-arm64-1.60.0.tgz",
			"integrity": "sha512-pJsgd9AfplLGBm1fIr25V6V14vMrayhx4uIQvlfH7jWs2SZwSrvi3TfgfJySB8T+hvyEH8K2zXljQiUnkgUnfQ==",
			"cpu": [
				"arm64"
			],
			"dev": true,
			"license": "MIT",
			"optional": true,
			"os": [
				"darwin"
			],
			"engines": {
				"node": "^20.19.0 || >=22.12.0"
			}
		},
		"node_modules/@oxlint/binding-darwin-x64": {
			"version": "1.60.0",
			"resolved": "https://registry.npmjs.org/@oxlint/binding-darwin-x64/-/binding-darwin-x64-1.60.0.tgz",
			"integrity": "sha512-Ue1aXHX49ivwflKqGJc7zcd/LeLgbhaTcDCQStgx5x06AXgjEAZmvrlMuIkWd4AL4FHQe6QJ9f33z04Cg448VQ==",
			"cpu": [
				"x64"
			],
			"dev": true,
			"license": "MIT",
			"optional": true,
			"os": [
				"darwin"
			],
			"engines": {
				"node": "^20.19.0 || >=22.12.0"
			}
		},
		"node_modules/@oxlint/binding-freebsd-x64": {
			"version": "1.60.0",
			"resolved": "https://registry.npmjs.org/@oxlint/binding-freebsd-x64/-/binding-freebsd-x64-1.60.0.tgz",
			"integrity": "sha512-YCyQzsQtusQw+gNRW9rRTifSO+Dt/+dtCl2NHoDMZqJlRTEZ/Oht9YnuporI9yiTx7+cB+eqzX3MtHHVHGIWhg==",
			"cpu": [
				"x64"
			],
			"dev": true,
			"license": "MIT",
			"optional": true,
			"os": [
				"freebsd"
			],
			"engines": {
				"node": "^20.19.0 || >=22.12.0"
			}
		},
		"node_modules/@oxlint/binding-linux-arm-gnueabihf": {
			"version": "1.60.0",
			"resolved": "https://registry.npmjs.org/@oxlint/binding-linux-arm-gnueabihf/-/binding-linux-arm-gnueabihf-1.60.0.tgz",
			"integrity": "sha512-c7dxM2Zksa45Qw16i2iGY3Fti2NirJ38FrsBsKw+qcJ0OtqTsBgKJLF0xV+yLG56UH01Z8WRPgsw31e0MoRoGQ==",
			"cpu": [
				"arm"
			],
			"dev": true,
			"license": "MIT",
			"optional": true,
			"os": [
				"linux"
			],
			"engines": {
				"node": "^20.19.0 || >=22.12.0"
			}
		},
		"node_modules/@oxlint/binding-linux-arm-musleabihf": {
			"version": "1.60.0",
			"resolved": "https://registry.npmjs.org/@oxlint/binding-linux-arm-musleabihf/-/binding-linux-arm-musleabihf-1.60.0.tgz",
			"integrity": "sha512-ZWALoA42UYqBEP1Tbw9OWURgFGS1nWj2AAvLdY6ZcGx/Gj93qVCBKjcvwXMupZibYwFbi9s/rzqkZseb/6gVtQ==",
			"cpu": [
				"arm"
			],
			"dev": true,
			"license": "MIT",
			"optional": true,
			"os": [
				"linux"
			],
			"engines": {
				"node": "^20.19.0 || >=22.12.0"
			}
		},
		"node_modules/@oxlint/binding-linux-arm64-gnu": {
			"version": "1.60.0",
			"resolved": "https://registry.npmjs.org/@oxlint/binding-linux-arm64-gnu/-/binding-linux-arm64-gnu-1.60.0.tgz",
			"integrity": "sha512-tpy+1w4p9hN5CicMCxqNy6ymfRtV5ayE573vFNjp1k1TN/qhLFgflveZoE/0++RlkHikBz2vY545NWm/hp7big==",
			"cpu": [
				"arm64"
			],
			"dev": true,
			"license": "MIT",
			"optional": true,
			"os": [
				"linux"
			],
			"engines": {
				"node": "^20.19.0 || >=22.12.0"
			}
		},
		"node_modules/@oxlint/binding-linux-arm64-musl": {
			"version": "1.60.0",
			"resolved": "https://registry.npmjs.org/@oxlint/binding-linux-arm64-musl/-/binding-linux-arm64-musl-1.60.0.tgz",
			"integrity": "sha512-eDYDXZGhQAXyn6GwtwiX/qcLS0HlOLPJ/+iiIY8RYr+3P8oKBmgKxADLlniL6FtWfE7pPk7IGN9/xvDEvDvFeg==",
			"cpu": [
				"arm64"
			],
			"dev": true,
			"license": "MIT",
			"optional": true,
			"os": [
				"linux"
			],
			"engines": {
				"node": "^20.19.0 || >=22.12.0"
			}
		},
		"node_modules/@oxlint/binding-linux-ppc64-gnu": {
			"version": "1.60.0",
			"resolved": "https://registry.npmjs.org/@oxlint/binding-linux-ppc64-gnu/-/binding-linux-ppc64-gnu-1.60.0.tgz",
			"integrity": "sha512-nxehly5XYBHUWI9VJX1bqCf9j/B43DaK/aS/T1fcxCpX3PA4Rm9BB54nPD1CKayT8xg6REN1ao+01hSRNgy8OA==",
			"cpu": [
				"ppc64"
			],
			"dev": true,
			"license": "MIT",
			"optional": true,
			"os": [
				"linux"
			],
			"engines": {
				"node": "^20.19.0 || >=22.12.0"
			}
		},
		"node_modules/@oxlint/binding-linux-riscv64-gnu": {
			"version": "1.60.0",
			"resolved": "https://registry.npmjs.org/@oxlint/binding-linux-riscv64-gnu/-/binding-linux-riscv64-gnu-1.60.0.tgz",
			"integrity": "sha512-j1qf/NaUfOWQutjeoooNG1Q0zsK0XGmSu1uDLq3cctquRF3j7t9Hxqf/76ehCc5GEUAanth2W4Fa+XT1RFg/nw==",
			"cpu": [
				"riscv64"
			],
			"dev": true,
			"license": "MIT",
			"optional": true,
			"os": [
				"linux"
			],
			"engines": {
				"node": "^20.19.0 || >=22.12.0"
			}
		},
		"node_modules/@oxlint/binding-linux-riscv64-musl": {
			"version": "1.60.0",
			"resolved": "https://registry.npmjs.org/@oxlint/binding-linux-riscv64-musl/-/binding-linux-riscv64-musl-1.60.0.tgz",
			"integrity": "sha512-YELKPRefQ/q/h3RUmeRfPCUhh2wBvgV1RyZ/F9M9u8cDyXsQW2ojv1DeWQTt466yczDITjZnIOg/s05pk7Ve2A==",
			"cpu": [
				"riscv64"
			],
			"dev": true,
			"license": "MIT",
			"optional": true,
			"os": [
				"linux"
			],
			"engines": {
				"node": "^20.19.0 || >=22.12.0"
			}
		},
		"node_modules/@oxlint/binding-linux-s390x-gnu": {
			"version": "1.60.0",
			"resolved": "https://registry.npmjs.org/@oxlint/binding-linux-s390x-gnu/-/binding-linux-s390x-gnu-1.60.0.tgz",
			"integrity": "sha512-JkO3C6Gki7Y6h/MiIkFKvHFOz98/YWvQ4WYbK9DLXACMP2rjULzkeGyAzorJE5S1dzLQGFgeqvN779kSFwoV1g==",
			"cpu": [
				"s390x"
			],
			"dev": true,
			"license": "MIT",
			"optional": true,
			"os": [
				"linux"
			],
			"engines": {
				"node": "^20.19.0 || >=22.12.0"
			}
		},
		"node_modules/@oxlint/binding-linux-x64-gnu": {
			"version": "1.60.0",
			"resolved": "https://registry.npmjs.org/@oxlint/binding-linux-x64-gnu/-/binding-linux-x64-gnu-1.60.0.tgz",
			"integrity": "sha512-XjKHdFVCpZZZSWBCKyyqCq65s2AKXykMXkjLoKYODrD+f5toLhlwsMESscu8FbgnJQ4Y/dpR/zdazsahmgBJIA==",
			"cpu": [
				"x64"
			],
			"dev": true,
			"license": "MIT",
			"optional": true,
			"os": [
				"linux"
			],
			"engines": {
				"node": "^20.19.0 || >=22.12.0"
			}
		},
		"node_modules/@oxlint/binding-linux-x64-musl": {
			"version": "1.60.0",
			"resolved": "https://registry.npmjs.org/@oxlint/binding-linux-x64-musl/-/binding-linux-x64-musl-1.60.0.tgz",
			"integrity": "sha512-js29ZWIuPhNWzY8NC7KoffEMEeWG105vbmm+8EOJsC+T/jHBiKIJEUF78+F/IrgEWMMP9N0kRND4Pp75+xAhKg==",
			"cpu": [
				"x64"
			],
			"dev": true,
			"license": "MIT",
			"optional": true,
			"os": [
				"linux"
			],
			"engines": {
				"node": "^20.19.0 || >=22.12.0"
			}
		},
		"node_modules/@oxlint/binding-openharmony-arm64": {
			"version": "1.60.0",
			"resolved": "https://registry.npmjs.org/@oxlint/binding-openharmony-arm64/-/binding-openharmony-arm64-1.60.0.tgz",
			"integrity": "sha512-H+PUITKHk04stFpWj3x3Kg08Afp/bcXSBi0EhasR5a0Vw7StXHTzdl655PUI0fB4qdh2Wsu6Dsi+3ACxPoyQnA==",
			"cpu": [
				"arm64"
			],
			"dev": true,
			"license": "MIT",
			"optional": true,
			"os": [
				"openharmony"
			],
			"engines": {
				"node": "^20.19.0 || >=22.12.0"
			}
		},
		"node_modules/@oxlint/binding-win32-arm64-msvc": {
			"version": "1.60.0",
			"resolved": "https://registry.npmjs.org/@oxlint/binding-win32-arm64-msvc/-/binding-win32-arm64-msvc-1.60.0.tgz",
			"integrity": "sha512-WA/yc7f7ZfCefBXVzNHn1Ztulb1EFwNBb4jMZ6pjML0zz6pHujlF3Q3jySluz3XHl/GNeMTntG1seUBWVMlMag==",
			"cpu": [
				"arm64"
			],
			"dev": true,
			"license": "MIT",
			"optional": true,
			"os": [
				"win32"
			],
			"engines": {
				"node": "^20.19.0 || >=22.12.0"
			}
		},
		"node_modules/@oxlint/binding-win32-ia32-msvc": {
			"version": "1.60.0",
			"resolved": "https://registry.npmjs.org/@oxlint/binding-win32-ia32-msvc/-/binding-win32-ia32-msvc-1.60.0.tgz",
			"integrity": "sha512-33YxL1sqwYNZXtn3MD/4dno6s0xeedXOJlT1WohkVD565WvohClZUr7vwKdAk954n4xiEWJkewiCr+zLeq7AeA==",
			"cpu": [
				"ia32"
			],
			"dev": true,
			"license": "MIT",
			"optional": true,
			"os": [
				"win32"
			],
			"engines": {
				"node": "^20.19.0 || >=22.12.0"
			}
		},
		"node_modules/@oxlint/binding-win32-x64-msvc": {
			"version": "1.60.0",
			"resolved": "https://registry.npmjs.org/@oxlint/binding-win32-x64-msvc/-/binding-win32-x64-msvc-1.60.0.tgz",
			"integrity": "sha512-JOro4ZcfBLamJCyfURQmOQByoorgOdx3ZjAkSqnb/CyG/i+lN3KoV5LAgk5ZAW6DPq7/Cx7n23f8DuTWXTWgyQ==",
			"cpu": [
				"x64"
			],
			"dev": true,
			"license": "MIT",
			"optional": true,
			"os": [
				"win32"
			],
			"engines": {
				"node": "^20.19.0 || >=22.12.0"
			}
		},
		"node_modules/@remato/prettier-config": {
			"version": "1.1.0",
			"resolved": "https://registry.npmjs.org/@remato/prettier-config/-/prettier-config-1.1.0.tgz",
			"integrity": "sha512-hZoYpOy2WPggxkD4RWHFGruVgU64mbuu1OO47DjjGykB09C19VQvuUBuNH/xHH5y7O9oUckmATtpH7hMKhGe3g==",
			"dev": true
		},
		"node_modules/asynckit": {
			"version": "0.4.0",
			"resolved": "https://registry.npmjs.org/asynckit/-/asynckit-0.4.0.tgz",
			"integrity": "sha512-Oei9OH4tRh0YqU3GxhX79dM/mwVgvbZJaSNaRk+bshkj0S5cfHcgYakreBjrHwatXKbz+IoIdYLxrKim2MjW0Q==",
			"license": "MIT"
		},
		"node_modules/axios": {
			"version": "1.15.0",
			"resolved": "https://registry.npmjs.org/axios/-/axios-1.15.0.tgz",
			"integrity": "sha512-wWyJDlAatxk30ZJer+GeCWS209sA42X+N5jU2jy6oHTp7ufw8uzUTVFBX9+wTfAlhiJXGS0Bq7X6efruWjuK9Q==",
			"license": "MIT",
			"dependencies": {
				"follow-redirects": "^1.15.11",
				"form-data": "^4.0.5",
				"proxy-from-env": "^2.1.0"
			}
		},
		"node_modules/before-after-hook": {
			"version": "4.0.0",
			"resolved": "https://registry.npmjs.org/before-after-hook/-/before-after-hook-4.0.0.tgz",
			"integrity": "sha512-q6tR3RPqIB1pMiTRMFcZwuG5T8vwp+vUvEG0vuI6B+Rikh5BfPp2fQ82c925FOs+b0lcFQ8CFrL+KbilfZFhOQ==",
			"license": "Apache-2.0"
		},
		"node_modules/call-bind-apply-helpers": {
			"version": "1.0.2",
			"resolved": "https://registry.npmjs.org/call-bind-apply-helpers/-/call-bind-apply-helpers-1.0.2.tgz",
			"integrity": "sha512-Sp1ablJ0ivDkSzjcaJdxEunN5/XvksFJ2sMBFfq6x0ryhQV/2b/KwFe21cMpmHtPOSij8K99/wSfoEuTObmuMQ==",
			"license": "MIT",
			"dependencies": {
				"es-errors": "^1.3.0",
				"function-bind": "^1.1.2"
			},
			"engines": {
				"node": ">= 0.4"
			}
		},
		"node_modules/combined-stream": {
			"version": "1.0.8",
			"resolved": "https://registry.npmjs.org/combined-stream/-/combined-stream-1.0.8.tgz",
			"integrity": "sha512-FQN4MRfuJeHf7cBbBMJFXhKSDq+2kAArBlmRBvcvFE5BB1HZKXtSFASDhdlz9zOYwxh8lDdnvmMOe/+5cdoEdg==",
			"license": "MIT",
			"dependencies": {
				"delayed-stream": "~1.0.0"
			},
			"engines": {
				"node": ">= 0.8"
			}
		},
		"node_modules/delayed-stream": {
			"version": "1.0.0",
			"resolved": "https://registry.npmjs.org/delayed-stream/-/delayed-stream-1.0.0.tgz",
			"integrity": "sha512-ZySD7Nf91aLB0RxL4KGrKHBXl7Eds1DAmEdcoVawXnLD7SDhpNgtuII2aAkg7a7QS41jxPSZ17p4VdGnMHk3MQ==",
			"license": "MIT",
			"engines": {
				"node": ">=0.4.0"
			}
		},
		"node_modules/dunder-proto": {
			"version": "1.0.1",
			"resolved": "https://registry.npmjs.org/dunder-proto/-/dunder-proto-1.0.1.tgz",
			"integrity": "sha512-KIN/nDJBQRcXw0MLVhZE9iQHmG68qAVIBg9CqmUYjmQIhgij9U5MFvrqkUL5FbtyyzZuOeOt0zdeRe4UY7ct+A==",
			"license": "MIT",
			"dependencies": {
				"call-bind-apply-helpers": "^1.0.1",
				"es-errors": "^1.3.0",
				"gopd": "^1.2.0"
			},
			"engines": {
				"node": ">= 0.4"
			}
		},
		"node_modules/es-define-property": {
			"version": "1.0.1",
			"resolved": "https://registry.npmjs.org/es-define-property/-/es-define-property-1.0.1.tgz",
			"integrity": "sha512-e3nRfgfUZ4rNGL232gUgX06QNyyez04KdjFrF+LTRoOXmrOgFKDg4BCdsjW8EnT69eqdYGmRpJwiPVYNrCaW3g==",
			"license": "MIT",
			"engines": {
				"node": ">= 0.4"
			}
		},
		"node_modules/es-errors": {
			"version": "1.3.0",
			"resolved": "https://registry.npmjs.org/es-errors/-/es-errors-1.3.0.tgz",
			"integrity": "sha512-Zf5H2Kxt2xjTvbJvP2ZWLEICxA6j+hAmMzIlypy4xcBg1vKVnx89Wy0GbS+kf5cwCVFFzdCFh2XSCFNULS6csw==",
			"license": "MIT",
			"engines": {
				"node": ">= 0.4"
			}
		},
		"node_modules/es-object-atoms": {
			"version": "1.1.1",
			"resolved": "https://registry.npmjs.org/es-object-atoms/-/es-object-atoms-1.1.1.tgz",
			"integrity": "sha512-FGgH2h8zKNim9ljj7dankFPcICIK9Cp5bm+c2gQSYePhpaG5+esrLODihIorn+Pe6FGJzWhXQotPv73jTaldXA==",
			"license": "MIT",
			"dependencies": {
				"es-errors": "^1.3.0"
			},
			"engines": {
				"node": ">= 0.4"
			}
		},
		"node_modules/es-set-tostringtag": {
			"version": "2.1.0",
			"resolved": "https://registry.npmjs.org/es-set-tostringtag/-/es-set-tostringtag-2.1.0.tgz",
			"integrity": "sha512-j6vWzfrGVfyXxge+O0x5sh6cvxAog0a/4Rdd2K36zCMV5eJ+/+tOAngRO8cODMNWbVRdVlmGZQL2YS3yR8bIUA==",
			"license": "MIT",
			"dependencies": {
				"es-errors": "^1.3.0",
				"get-intrinsic": "^1.2.6",
				"has-tostringtag": "^1.0.2",
				"hasown": "^2.0.2"
			},
			"engines": {
				"node": ">= 0.4"
			}
		},
		"node_modules/esbuild": {
			"version": "0.28.0",
			"resolved": "https://registry.npmjs.org/esbuild/-/esbuild-0.28.0.tgz",
			"integrity": "sha512-sNR9MHpXSUV/XB4zmsFKN+QgVG82Cc7+/aaxJ8Adi8hyOac+EXptIp45QBPaVyX3N70664wRbTcLTOemCAnyqw==",
			"dev": true,
			"hasInstallScript": true,
			"license": "MIT",
			"bin": {
				"esbuild": "bin/esbuild"
			},
			"engines": {
				"node": ">=18"
			},
			"optionalDependencies": {
				"@esbuild/aix-ppc64": "0.28.0",
				"@esbuild/android-arm": "0.28.0",
				"@esbuild/android-arm64": "0.28.0",
				"@esbuild/android-x64": "0.28.0",
				"@esbuild/darwin-arm64": "0.28.0",
				"@esbuild/darwin-x64": "0.28.0",
				"@esbuild/freebsd-arm64": "0.28.0",
				"@esbuild/freebsd-x64": "0.28.0",
				"@esbuild/linux-arm": "0.28.0",
				"@esbuild/linux-arm64": "0.28.0",
				"@esbuild/linux-ia32": "0.28.0",
				"@esbuild/linux-loong64": "0.28.0",
				"@esbuild/linux-mips64el": "0.28.0",
				"@esbuild/linux-ppc64": "0.28.0",
				"@esbuild/linux-riscv64": "0.28.0",
				"@esbuild/linux-s390x": "0.28.0",
				"@esbuild/linux-x64": "0.28.0",
				"@esbuild/netbsd-arm64": "0.28.0",
				"@esbuild/netbsd-x64": "0.28.0",
				"@esbuild/openbsd-arm64": "0.28.0",
				"@esbuild/openbsd-x64": "0.28.0",
				"@esbuild/openharmony-arm64": "0.28.0",
				"@esbuild/sunos-x64": "0.28.0",
				"@esbuild/win32-arm64": "0.28.0",
				"@esbuild/win32-ia32": "0.28.0",
				"@esbuild/win32-x64": "0.28.0"
			}
		},
		"node_modules/fast-content-type-parse": {
			"version": "3.0.0",
			"resolved": "https://registry.npmjs.org/fast-content-type-parse/-/fast-content-type-parse-3.0.0.tgz",
			"integrity": "sha512-ZvLdcY8P+N8mGQJahJV5G4U88CSvT1rP8ApL6uETe88MBXrBHAkZlSEySdUlyztF7ccb+Znos3TFqaepHxdhBg==",
			"funding": [
				{
					"type": "github",
					"url": "https://github.com/sponsors/fastify"
				},
				{
					"type": "opencollective",
					"url": "https://opencollective.com/fastify"
				}
			],
			"license": "MIT"
		},
		"node_modules/follow-redirects": {
			"version": "1.16.0",
			"resolved": "https://registry.npmjs.org/follow-redirects/-/follow-redirects-1.16.0.tgz",
			"integrity": "sha512-y5rN/uOsadFT/JfYwhxRS5R7Qce+g3zG97+JrtFZlC9klX/W5hD7iiLzScI4nZqUS7DNUdhPgw4xI8W2LuXlUw==",
			"funding": [
				{
					"type": "individual",
					"url": "https://github.com/sponsors/RubenVerborgh"
				}
			],
			"license": "MIT",
			"engines": {
				"node": ">=4.0"
			},
			"peerDependenciesMeta": {
				"debug": {
					"optional": true
				}
			}
		},
		"node_modules/form-data": {
			"version": "4.0.5",
			"resolved": "https://registry.npmjs.org/form-data/-/form-data-4.0.5.tgz",
			"integrity": "sha512-8RipRLol37bNs2bhoV67fiTEvdTrbMUYcFTiy3+wuuOnUog2QBHCZWXDRijWQfAkhBj2Uf5UnVaiWwA5vdd82w==",
			"license": "MIT",
			"dependencies": {
				"asynckit": "^0.4.0",
				"combined-stream": "^1.0.8",
				"es-set-tostringtag": "^2.1.0",
				"hasown": "^2.0.2",
				"mime-types": "^2.1.12"
			},
			"engines": {
				"node": ">= 6"
			}
		},
		"node_modules/function-bind": {
			"version": "1.1.2",
			"resolved": "https://registry.npmjs.org/function-bind/-/function-bind-1.1.2.tgz",
			"integrity": "sha512-7XHNxH7qX9xG5mIwxkhumTox/MIRNcOgDrxWsMt2pAr23WHp6MrRlN7FBSFpCpr+oVO0F744iUgR82nJMfG2SA==",
			"license": "MIT",
			"funding": {
				"url": "https://github.com/sponsors/ljharb"
			}
		},
		"node_modules/get-intrinsic": {
			"version": "1.3.0",
			"resolved": "https://registry.npmjs.org/get-intrinsic/-/get-intrinsic-1.3.0.tgz",
			"integrity": "sha512-9fSjSaos/fRIVIp+xSJlE6lfwhES7LNtKaCBIamHsjr2na1BiABJPo0mOjjz8GJDURarmCPGqaiVg5mfjb98CQ==",
			"license": "MIT",
			"dependencies": {
				"call-bind-apply-helpers": "^1.0.2",
				"es-define-property": "^1.0.1",
				"es-errors": "^1.3.0",
				"es-object-atoms": "^1.1.1",
				"function-bind": "^1.1.2",
				"get-proto": "^1.0.1",
				"gopd": "^1.2.0",
				"has-symbols": "^1.1.0",
				"hasown": "^2.0.2",
				"math-intrinsics": "^1.1.0"
			},
			"engines": {
				"node": ">= 0.4"
			},
			"funding": {
				"url": "https://github.com/sponsors/ljharb"
			}
		},
		"node_modules/get-proto": {
			"version": "1.0.1",
			"resolved": "https://registry.npmjs.org/get-proto/-/get-proto-1.0.1.tgz",
			"integrity": "sha512-sTSfBjoXBp89JvIKIefqw7U2CCebsc74kiY6awiGogKtoSGbgjYE/G/+l9sF3MWFPNc9IcoOC4ODfKHfxFmp0g==",
			"license": "MIT",
			"dependencies": {
				"dunder-proto": "^1.0.1",
				"es-object-atoms": "^1.0.0"
			},
			"engines": {
				"node": ">= 0.4"
			}
		},
		"node_modules/gopd": {
			"version": "1.2.0",
			"resolved": "https://registry.npmjs.org/gopd/-/gopd-1.2.0.tgz",
			"integrity": "sha512-ZUKRh6/kUFoAiTAtTYPZJ3hw9wNxx+BIBOijnlG9PnrJsCcSjs1wyyD6vJpaYtgnzDrKYRSqf3OO6Rfa93xsRg==",
			"license": "MIT",
			"engines": {
				"node": ">= 0.4"
			},
			"funding": {
				"url": "https://github.com/sponsors/ljharb"
			}
		},
		"node_modules/has-symbols": {
			"version": "1.1.0",
			"resolved": "https://registry.npmjs.org/has-symbols/-/has-symbols-1.1.0.tgz",
			"integrity": "sha512-1cDNdwJ2Jaohmb3sg4OmKaMBwuC48sYni5HUw2DvsC8LjGTLK9h+eb1X6RyuOHe4hT0ULCW68iomhjUoKUqlPQ==",
			"license": "MIT",
			"engines": {
				"node": ">= 0.4"
			},
			"funding": {
				"url": "https://github.com/sponsors/ljharb"
			}
		},
		"node_modules/has-tostringtag": {
			"version": "1.0.2",
			"resolved": "https://registry.npmjs.org/has-tostringtag/-/has-tostringtag-1.0.2.tgz",
			"integrity": "sha512-NqADB8VjPFLM2V0VvHUewwwsw0ZWBaIdgo+ieHtK3hasLz4qeCRjYcqfB6AQrBggRKppKF8L52/VqdVsO47Dlw==",
			"license": "MIT",
			"dependencies": {
				"has-symbols": "^1.0.3"
			},
			"engines": {
				"node": ">= 0.4"
			},
			"funding": {
				"url": "https://github.com/sponsors/ljharb"
			}
		},
		"node_modules/hasown": {
			"version": "2.0.2",
			"resolved": "https://registry.npmjs.org/hasown/-/hasown-2.0.2.tgz",
			"integrity": "sha512-0hJU9SCPvmMzIBdZFqNPXWa6dqh7WdH0cII9y+CyS8rG3nL48Bclra9HmKhVVUHyPWNH5Y7xDwAB7bfgSjkUMQ==",
			"license": "MIT",
			"dependencies": {
				"function-bind": "^1.1.2"
			},
			"engines": {
				"node": ">= 0.4"
			}
		},
		"node_modules/json-with-bigint": {
			"version": "3.5.8",
			"resolved": "https://registry.npmjs.org/json-with-bigint/-/json-with-bigint-3.5.8.tgz",
			"integrity": "sha512-eq/4KP6K34kwa7TcFdtvnftvHCD9KvHOGGICWwMFc4dOOKF5t4iYqnfLK8otCRCRv06FXOzGGyqE8h8ElMvvdw==",
			"license": "MIT"
		},
		"node_modules/math-intrinsics": {
			"version": "1.1.0",
			"resolved": "https://registry.npmjs.org/math-intrinsics/-/math-intrinsics-1.1.0.tgz",
			"integrity": "sha512-/IXtbwEk5HTPyEwyKX6hGkYXxM9nbj64B+ilVJnC/R6B0pH5G4V3b0pVbL7DBj4tkhBAppbQUlf6F6Xl9LHu1g==",
			"license": "MIT",
			"engines": {
				"node": ">= 0.4"
			}
		},
		"node_modules/mime-db": {
			"version": "1.52.0",
			"resolved": "https://registry.npmjs.org/mime-db/-/mime-db-1.52.0.tgz",
			"integrity": "sha512-sPU4uV7dYlvtWJxwwxHD0PuihVNiE7TyAbQ5SWxDCB9mUYvOgroQOwYQQOKPJ8CIbE+1ETVlOoK1UC2nU3gYvg==",
			"license": "MIT",
			"engines": {
				"node": ">= 0.6"
			}
		},
		"node_modules/mime-types": {
			"version": "2.1.35",
			"resolved": "https://registry.npmjs.org/mime-types/-/mime-types-2.1.35.tgz",
			"integrity": "sha512-ZDY+bPm5zTTF+YpCrAU9nK0UgICYPT0QtT1NZWFv4s++TNkcgVaT0g6+4R2uI4MjQjzysHB1zxuWL50hzaeXiw==",
			"license": "MIT",
			"dependencies": {
				"mime-db": "1.52.0"
			},
			"engines": {
				"node": ">= 0.6"
			}
		},
		"node_modules/moment": {
			"version": "2.30.1",
			"license": "MIT",
			"engines": {
				"node": "*"
			}
		},
		"node_modules/oxlint": {
			"version": "1.60.0",
			"resolved": "https://registry.npmjs.org/oxlint/-/oxlint-1.60.0.tgz",
			"integrity": "sha512-tnRzTWiWJ9pg3ftRWnD0+Oqh78L6ZSwcEudvCZaER0PIqiAnNyXj5N1dPwjmNpDalkKS9m/WMLN1CTPUBPmsgw==",
			"dev": true,
			"license": "MIT",
			"bin": {
				"oxlint": "bin/oxlint"
			},
			"engines": {
				"node": "^20.19.0 || >=22.12.0"
			},
			"funding": {
				"url": "https://github.com/sponsors/Boshen"
			},
			"optionalDependencies": {
				"@oxlint/binding-android-arm-eabi": "1.60.0",
				"@oxlint/binding-android-arm64": "1.60.0",
				"@oxlint/binding-darwin-arm64": "1.60.0",
				"@oxlint/binding-darwin-x64": "1.60.0",
				"@oxlint/binding-freebsd-x64": "1.60.0",
				"@oxlint/binding-linux-arm-gnueabihf": "1.60.0",
				"@oxlint/binding-linux-arm-musleabihf": "1.60.0",
				"@oxlint/binding-linux-arm64-gnu": "1.60.0",
				"@oxlint/binding-linux-arm64-musl": "1.60.0",
				"@oxlint/binding-linux-ppc64-gnu": "1.60.0",
				"@oxlint/binding-linux-riscv64-gnu": "1.60.0",
				"@oxlint/binding-linux-riscv64-musl": "1.60.0",
				"@oxlint/binding-linux-s390x-gnu": "1.60.0",
				"@oxlint/binding-linux-x64-gnu": "1.60.0",
				"@oxlint/binding-linux-x64-musl": "1.60.0",
				"@oxlint/binding-openharmony-arm64": "1.60.0",
				"@oxlint/binding-win32-arm64-msvc": "1.60.0",
				"@oxlint/binding-win32-ia32-msvc": "1.60.0",
				"@oxlint/binding-win32-x64-msvc": "1.60.0"
			},
			"peerDependencies": {
				"oxlint-tsgolint": ">=0.18.0"
			},
			"peerDependenciesMeta": {
				"oxlint-tsgolint": {
					"optional": true
				}
			}
		},
		"node_modules/prettier": {
			"version": "3.8.3",
			"resolved": "https://registry.npmjs.org/prettier/-/prettier-3.8.3.tgz",
			"integrity": "sha512-7igPTM53cGHMW8xWuVTydi2KO233VFiTNyF5hLJqpilHfmn8C8gPf+PS7dUT64YcXFbiMGZxS9pCSxL/Dxm/Jw==",
			"dev": true,
			"license": "MIT",
			"bin": {
				"prettier": "bin/prettier.cjs"
			},
			"engines": {
				"node": ">=14"
			},
			"funding": {
				"url": "https://github.com/prettier/prettier?sponsor=1"
			}
		},
		"node_modules/proxy-from-env": {
			"version": "2.1.0",
			"resolved": "https://registry.npmjs.org/proxy-from-env/-/proxy-from-env-2.1.0.tgz",
			"integrity": "sha512-cJ+oHTW1VAEa8cJslgmUZrc+sjRKgAKl3Zyse6+PV38hZe/V6Z14TbCuXcan9F9ghlz4QrFr2c92TNF82UkYHA==",
			"license": "MIT",
			"engines": {
				"node": ">=10"
			}
		},
		"node_modules/tunnel": {
			"version": "0.0.6",
			"resolved": "https://registry.npmjs.org/tunnel/-/tunnel-0.0.6.tgz",
			"integrity": "sha512-1h/Lnq9yajKY2PEbBadPXj3VxsDDu844OnaAo52UVmIzIvwwtBPIuNvkjuzBlTWpfJyUbG3ez0KSBibQkj4ojg==",
			"license": "MIT",
			"engines": {
				"node": ">=0.6.11 <=0.7.0 || >=0.7.3"
			}
		},
		"node_modules/typescript": {
			"version": "6.0.3",
			"resolved": "https://registry.npmjs.org/typescript/-/typescript-6.0.3.tgz",
			"integrity": "sha512-y2TvuxSZPDyQakkFRPZHKFm+KKVqIisdg9/CZwm9ftvKXLP8NRWj38/ODjNbr43SsoXqNuAisEf1GdCxqWcdBw==",
			"dev": true,
			"license": "Apache-2.0",
			"bin": {
				"tsc": "bin/tsc",
				"tsserver": "bin/tsserver"
			},
			"engines": {
				"node": ">=14.17"
			}
		},
		"node_modules/undici": {
			"version": "6.25.0",
			"resolved": "https://registry.npmjs.org/undici/-/undici-6.25.0.tgz",
			"integrity": "sha512-ZgpWDC5gmNiuY9CnLVXEH8rl50xhRCuLNA97fAUnKi8RRuV4E6KG31pDTsLVUKnohJE0I3XDrTeEydAXRw47xg==",
			"license": "MIT",
			"engines": {
				"node": ">=18.17"
			}
		},
		"node_modules/universal-user-agent": {
			"version": "7.0.3",
			"resolved": "https://registry.npmjs.org/universal-user-agent/-/universal-user-agent-7.0.3.tgz",
			"integrity": "sha512-TmnEAEAsBJVZM/AADELsK76llnwcf9vMKuPz8JflO1frO8Lchitr0fNaN9d+Ap0BjKtqWqd/J17qeDnXh8CL2A==",
			"license": "ISC"
		}
	}
}
